// !$*UTF8*$!
{
	archiveVersion = 1;
	classes = {
	};
	objectVersion = 46;
	objects = {

/* Begin PBXBuildFile section */
		8D0501B11A6E08490029B41F /* AppDelegate.swift in Sources */ = {isa = PBXBuildFile; fileRef = 8D0501B01A6E08490029B41F /* AppDelegate.swift */; };
		8D0501B31A6E08490029B41F /* FirstViewController.swift in Sources */ = {isa = PBXBuildFile; fileRef = 8D0501B21A6E08490029B41F /* FirstViewController.swift */; };
		8D0501B51A6E08490029B41F /* SecondViewController.swift in Sources */ = {isa = PBXBuildFile; fileRef = 8D0501B41A6E08490029B41F /* SecondViewController.swift */; };
		8D0501B81A6E08490029B41F /* Main.storyboard in Resources */ = {isa = PBXBuildFile; fileRef = 8D0501B61A6E08490029B41F /* Main.storyboard */; };
		8D0501BA1A6E08490029B41F /* Images.xcassets in Resources */ = {isa = PBXBuildFile; fileRef = 8D0501B91A6E08490029B41F /* Images.xcassets */; };
		8D0501BD1A6E08490029B41F /* LaunchScreen.xib in Resources */ = {isa = PBXBuildFile; fileRef = 8D0501BB1A6E08490029B41F /* LaunchScreen.xib */; };
		8D0501C91A6E08490029B41F /* WeatherTests.swift in Sources */ = {isa = PBXBuildFile; fileRef = 8D0501C81A6E08490029B41F /* WeatherTests.swift */; };
		8D637F9C1A6E18FE009B3CF1 /* ZipcodeViewController.swift in Sources */ = {isa = PBXBuildFile; fileRef = 8D637F9B1A6E18FE009B3CF1 /* ZipcodeViewController.swift */; };
		8D637F9E1A6E1BB2009B3CF1 /* AppModel.swift in Sources */ = {isa = PBXBuildFile; fileRef = 8D637F9D1A6E1BB2009B3CF1 /* AppModel.swift */; };
/* End PBXBuildFile section */

/* Begin PBXContainerItemProxy section */
		8D0501C31A6E08490029B41F /* PBXContainerItemProxy */ = {
			isa = PBXContainerItemProxy;
			containerPortal = 8D0501A31A6E08490029B41F /* Project object */;
			proxyType = 1;
			remoteGlobalIDString = 8D0501AA1A6E08490029B41F;
			remoteInfo = Weather;
		};
/* End PBXContainerItemProxy section */

/* Begin PBXFileReference section */
		8D0501AB1A6E08490029B41F /* Weather.app */ = {isa = PBXFileReference; explicitFileType = wrapper.application; includeInIndex = 0; path = Weather.app; sourceTree = BUILT_PRODUCTS_DIR; };
		8D0501AF1A6E08490029B41F /* Info.plist */ = {isa = PBXFileReference; lastKnownFileType = text.plist.xml; path = Info.plist; sourceTree = "<group>"; };
		8D0501B01A6E08490029B41F /* AppDelegate.swift */ = {isa = PBXFileReference; lastKnownFileType = sourcecode.swift; path = AppDelegate.swift; sourceTree = "<group>"; };
		8D0501B21A6E08490029B41F /* FirstViewController.swift */ = {isa = PBXFileReference; lastKnownFileType = sourcecode.swift; path = FirstViewController.swift; sourceTree = "<group>"; };
		8D0501B41A6E08490029B41F /* SecondViewController.swift */ = {isa = PBXFileReference; lastKnownFileType = sourcecode.swift; path = SecondViewController.swift; sourceTree = "<group>"; };
		8D0501B71A6E08490029B41F /* Base */ = {isa = PBXFileReference; lastKnownFileType = file.storyboard; name = Base; path = Base.lproj/Main.storyboard; sourceTree = "<group>"; };
		8D0501B91A6E08490029B41F /* Images.xcassets */ = {isa = PBXFileReference; lastKnownFileType = folder.assetcatalog; path = Images.xcassets; sourceTree = "<group>"; };
		8D0501BC1A6E08490029B41F /* Base */ = {isa = PBXFileReference; lastKnownFileType = file.xib; name = Base; path = Base.lproj/LaunchScreen.xib; sourceTree = "<group>"; };
		8D0501C21A6E08490029B41F /* WeatherTests.xctest */ = {isa = PBXFileReference; explicitFileType = wrapper.cfbundle; includeInIndex = 0; path = WeatherTests.xctest; sourceTree = BUILT_PRODUCTS_DIR; };
		8D0501C71A6E08490029B41F /* Info.plist */ = {isa = PBXFileReference; lastKnownFileType = text.plist.xml; path = Info.plist; sourceTree = "<group>"; };
		8D0501C81A6E08490029B41F /* WeatherTests.swift */ = {isa = PBXFileReference; lastKnownFileType = sourcecode.swift; path = WeatherTests.swift; sourceTree = "<group>"; };
		8D637F9B1A6E18FE009B3CF1 /* ZipcodeViewController.swift */ = {isa = PBXFileReference; fileEncoding = 4; lastKnownFileType = sourcecode.swift; path = ZipcodeViewController.swift; sourceTree = "<group>"; };
		8D637F9D1A6E1BB2009B3CF1 /* AppModel.swift */ = {isa = PBXFileReference; fileEncoding = 4; lastKnownFileType = sourcecode.swift; path = AppModel.swift; sourceTree = "<group>"; };
/* End PBXFileReference section */

/* Begin PBXFrameworksBuildPhase section */
		8D0501A81A6E08490029B41F /* Frameworks */ = {
			isa = PBXFrameworksBuildPhase;
			buildActionMask = 2147483647;
			files = (
			);
			runOnlyForDeploymentPostprocessing = 0;
		};
		8D0501BF1A6E08490029B41F /* Frameworks */ = {
			isa = PBXFrameworksBuildPhase;
			buildActionMask = 2147483647;
			files = (
			);
			runOnlyForDeploymentPostprocessing = 0;
		};
/* End PBXFrameworksBuildPhase section */

/* Begin PBXGroup section */
		8D0501A21A6E08490029B41F = {
			isa = PBXGroup;
			children = (
				8D0501AD1A6E08490029B41F /* Weather */,
				8D0501C51A6E08490029B41F /* WeatherTests */,
				8D0501AC1A6E08490029B41F /* Products */,
			);
			sourceTree = "<group>";
		};
		8D0501AC1A6E08490029B41F /* Products */ = {
			isa = PBXGroup;
			children = (
				8D0501AB1A6E08490029B41F /* Weather.app */,
				8D0501C21A6E08490029B41F /* WeatherTests.xctest */,
			);
			name = Products;
			sourceTree = "<group>";
		};
		8D0501AD1A6E08490029B41F /* Weather */ = {
			isa = PBXGroup;
			children = (
				8D0501B01A6E08490029B41F /* AppDelegate.swift */,
				8D0501B21A6E08490029B41F /* FirstViewController.swift */,
				8D0501B41A6E08490029B41F /* SecondViewController.swift */,
				8D0501B61A6E08490029B41F /* Main.storyboard */,
				8D0501B91A6E08490029B41F /* Images.xcassets */,
				8D0501BB1A6E08490029B41F /* LaunchScreen.xib */,
				8D0501AE1A6E08490029B41F /* Supporting Files */,
				8D637F9B1A6E18FE009B3CF1 /* ZipcodeViewController.swift */,
				8D637F9D1A6E1BB2009B3CF1 /* AppModel.swift */,
			);
			path = Weather;
			sourceTree = "<group>";
		};
		8D0501AE1A6E08490029B41F /* Supporting Files */ = {
			isa = PBXGroup;
			children = (
				8D0501AF1A6E08490029B41F /* Info.plist */,
			);
			name = "Supporting Files";
			sourceTree = "<group>";
		};
		8D0501C51A6E08490029B41F /* WeatherTests */ = {
			isa = PBXGroup;
			children = (
				8D0501C81A6E08490029B41F /* WeatherTests.swift */,
				8D0501C61A6E08490029B41F /* Supporting Files */,
			);
			path = WeatherTests;
			sourceTree = "<group>";
		};
		8D0501C61A6E08490029B41F /* Supporting Files */ = {
			isa = PBXGroup;
			children = (
				8D0501C71A6E08490029B41F /* Info.plist */,
			);
			name = "Supporting Files";
			sourceTree = "<group>";
		};
/* End PBXGroup section */

/* Begin PBXNativeTarget section */
		8D0501AA1A6E08490029B41F /* Weather */ = {
			isa = PBXNativeTarget;
			buildConfigurationList = 8D0501CC1A6E08490029B41F /* Build configuration list for PBXNativeTarget "Weather" */;
			buildPhases = (
				8D0501A71A6E08490029B41F /* Sources */,
				8D0501A81A6E08490029B41F /* Frameworks */,
				8D0501A91A6E08490029B41F /* Resources */,
			);
			buildRules = (
			);
			dependencies = (
			);
			name = Weather;
			productName = Weather;
			productReference = 8D0501AB1A6E08490029B41F /* Weather.app */;
			productType = "com.apple.product-type.application";
		};
		8D0501C11A6E08490029B41F /* WeatherTests */ = {
			isa = PBXNativeTarget;
			buildConfigurationList = 8D0501CF1A6E08490029B41F /* Build configuration list for PBXNativeTarget "WeatherTests" */;
			buildPhases = (
				8D0501BE1A6E08490029B41F /* Sources */,
				8D0501BF1A6E08490029B41F /* Frameworks */,
				8D0501C01A6E08490029B41F /* Resources */,
			);
			buildRules = (
			);
			dependencies = (
				8D0501C41A6E08490029B41F /* PBXTargetDependency */,
			);
			name = WeatherTests;
			productName = WeatherTests;
			productReference = 8D0501C21A6E08490029B41F /* WeatherTests.xctest */;
			productType = "com.apple.product-type.bundle.unit-test";
		};
/* End PBXNativeTarget section */

/* Begin PBXProject section */
		8D0501A31A6E08490029B41F /* Project object */ = {
			isa = PBXProject;
			attributes = {
				LastUpgradeCheck = 0610;
				ORGANIZATIONNAME = "Christian de Botton";
				TargetAttributes = {
					8D0501AA1A6E08490029B41F = {
						CreatedOnToolsVersion = 6.1.1;
					};
					8D0501C11A6E08490029B41F = {
						CreatedOnToolsVersion = 6.1.1;
						TestTargetID = 8D0501AA1A6E08490029B41F;
					};
				};
			};
			buildConfigurationList = 8D0501A61A6E08490029B41F /* Build configuration list for PBXProject "Weather" */;
			compatibilityVersion = "Xcode 3.2";
			developmentRegion = English;
			hasScannedForEncodings = 0;
			knownRegions = (
				en,
				Base,
			);
			mainGroup = 8D0501A21A6E08490029B41F;
			productRefGroup = 8D0501AC1A6E08490029B41F /* Products */;
			projectDirPath = "";
			projectRoot = "";
			targets = (
				8D0501AA1A6E08490029B41F /* Weather */,
				8D0501C11A6E08490029B41F /* WeatherTests */,
			);
		};
/* End PBXProject section */

/* Begin PBXResourcesBuildPhase section */
		8D0501A91A6E08490029B41F /* Resources */ = {
			isa = PBXResourcesBuildPhase;
			buildActionMask = 2147483647;
			files = (
				8D0501B81A6E08490029B41F /* Main.storyboard in Resources */,
				8D0501BD1A6E08490029B41F /* LaunchScreen.xib in Resources */,
				8D0501BA1A6E08490029B41F /* Images.xcassets in Resources */,
			);
			runOnlyForDeploymentPostprocessing = 0;
		};
		8D0501C01A6E08490029B41F /* Resources */ = {
			isa = PBXResourcesBuildPhase;
			buildActionMask = 2147483647;
			files = (
			);
			runOnlyForDeploymentPostprocessing = 0;
		};
/* End PBXResourcesBuildPhase section */

/* Begin PBXSourcesBuildPhase section */
		8D0501A71A6E08490029B41F /* Sources */ = {
			isa = PBXSourcesBuildPhase;
			buildActionMask = 2147483647;
			files = (
				8D0501B51A6E08490029B41F /* SecondViewController.swift in Sources */,
				8D0501B11A6E08490029B41F /* AppDelegate.swift in Sources */,
				8D0501B31A6E08490029B41F /* FirstViewController.swift in Sources */,
				8D637F9E1A6E1BB2009B3CF1 /* AppModel.swift in Sources */,
				8D637F9C1A6E18FE009B3CF1 /* ZipcodeViewController.swift in Sources */,
			);
			runOnlyForDeploymentPostprocessing = 0;
		};
		8D0501BE1A6E08490029B41F /* Sources */ = {
			isa = PBXSourcesBuildPhase;
			buildActionMask = 2147483647;
			files = (
				8D0501C91A6E08490029B41F /* WeatherTests.swift in Sources */,
			);
			runOnlyForDeploymentPostprocessing = 0;
		};
/* End PBXSourcesBuildPhase section */

/* Begin PBXTargetDependency section */
		8D0501C41A6E08490029B41F /* PBXTargetDependency */ = {
			isa = PBXTargetDependency;
			target = 8D0501AA1A6E08490029B41F /* Weather */;
			targetProxy = 8D0501C31A6E08490029B41F /* PBXContainerItemProxy */;
		};
/* End PBXTargetDependency section */

/* Begin PBXVariantGroup section */
		8D0501B61A6E08490029B41F /* Main.storyboard */ = {
			isa = PBXVariantGroup;
			children = (
				8D0501B71A6E08490029B41F /* Base */,
			);
			name = Main.storyboard;
			sourceTree = "<group>";
		};
		8D0501BB1A6E08490029B41F /* LaunchScreen.xib */ = {
			isa = PBXVariantGroup;
			children = (
				8D0501BC1A6E08490029B41F /* Base */,
			);
			name = LaunchScreen.xib;
			sourceTree = "<group>";
		};
/* End PBXVariantGroup section */

/* Begin XCBuildConfiguration section */
		8D0501CA1A6E08490029B41F /* Debug */ = {
			isa = XCBuildConfiguration;
			buildSettings = {
				ALWAYS_SEARCH_USER_PATHS = NO;
				CLANG_CXX_LANGUAGE_STANDARD = "gnu++0x";
				CLANG_CXX_LIBRARY = "libc++";
				CLANG_ENABLE_MODULES = YES;
				CLANG_ENABLE_OBJC_ARC = YES;
				CLANG_WARN_BOOL_CONVERSION = YES;
				CLANG_WARN_CONSTANT_CONVERSION = YES;
				CLANG_WARN_DIRECT_OBJC_ISA_USAGE = YES_ERROR;
				CLANG_WARN_EMPTY_BODY = YES;
				CLANG_WARN_ENUM_CONVERSION = YES;
				CLANG_WARN_INT_CONVERSION = YES;
				CLANG_WARN_OBJC_ROOT_CLASS = YES_ERROR;
				CLANG_WARN_UNREACHABLE_CODE = YES;
				CLANG_WARN__DUPLICATE_METHOD_MATCH = YES;
				"CODE_SIGN_IDENTITY[sdk=iphoneos*]" = "iPhone Developer";
				COPY_PHASE_STRIP = NO;
				ENABLE_STRICT_OBJC_MSGSEND = YES;
				GCC_C_LANGUAGE_STANDARD = gnu99;
				GCC_DYNAMIC_NO_PIC = NO;
				GCC_OPTIMIZATION_LEVEL = 0;
				GCC_PREPROCESSOR_DEFINITIONS = (
					"DEBUG=1",
					"$(inherited)",
				);
				GCC_SYMBOLS_PRIVATE_EXTERN = NO;
				GCC_WARN_64_TO_32_BIT_CONVERSION = YES;
				GCC_WARN_ABOUT_RETURN_TYPE = YES_ERROR;
				GCC_WARN_UNDECLARED_SELECTOR = YES;
				GCC_WARN_UNINITIALIZED_AUTOS = YES_AGGRESSIVE;
				GCC_WARN_UNUSED_FUNCTION = YES;
				GCC_WARN_UNUSED_VARIABLE = YES;
				IPHONEOS_DEPLOYMENT_TARGET = 8.1;
				MTL_ENABLE_DEBUG_INFO = YES;
				ONLY_ACTIVE_ARCH = YES;
				SDKROOT = iphoneos;
				SWIFT_OPTIMIZATION_LEVEL = "-Onone";
			};
			name = Debug;
		};
		8D0501CB1A6E08490029B41F /* Release */ = {
			isa = XCBuildConfiguration;
			buildSettings = {
				ALWAYS_SEARCH_USER_PATHS = NO;
				CLANG_CXX_LANGUAGE_STANDARD = "gnu++0x";
				CLANG_CXX_LIBRARY = "libc++";
				CLANG_ENABLE_MODULES = YES;
				CLANG_ENABLE_OBJC_ARC = YES;
				CLANG_WARN_BOOL_CONVERSION = YES;
				CLANG_WARN_CONSTANT_CONVERSION = YES;
				CLANG_WARN_DIRECT_OBJC_ISA_USAGE = YES_ERROR;
				CLANG_WARN_EMPTY_BODY = YES;
				CLANG_WARN_ENUM_CONVERSION = YES;
				CLANG_WARN_INT_CONVERSION = YES;
				CLANG_WARN_OBJC_ROOT_CLASS = YES_ERROR;
				CLANG_WARN_UNREACHABLE_CODE = YES;
				CLANG_WARN__DUPLICATE_METHOD_MATCH = YES;
				"CODE_SIGN_IDENTITY[sdk=iphoneos*]" = "iPhone Developer";
				COPY_PHASE_STRIP = YES;
				ENABLE_NS_ASSERTIONS = NO;
				ENABLE_STRICT_OBJC_MSGSEND = YES;
				GCC_C_LANGUAGE_STANDARD = gnu99;
				GCC_WARN_64_TO_32_BIT_CONVERSION = YES;
				GCC_WARN_ABOUT_RETURN_TYPE = YES_ERROR;
				GCC_WARN_UNDECLARED_SELECTOR = YES;
				GCC_WARN_UNINITIALIZED_AUTOS = YES_AGGRESSIVE;
				GCC_WARN_UNUSED_FUNCTION = YES;
				GCC_WARN_UNUSED_VARIABLE = YES;
				IPHONEOS_DEPLOYMENT_TARGET = 8.1;
				MTL_ENABLE_DEBUG_INFO = NO;
				SDKROOT = iphoneos;
				VALIDATE_PRODUCT = YES;
			};
			name = Release;
		};
		8D0501CD1A6E08490029B41F /* Debug */ = {
			isa = XCBuildConfiguration;
			buildSettings = {
				ASSETCATALOG_COMPILER_APPICON_NAME = AppIcon;
				INFOPLIST_FILE = Weather/Info.plist;
				LD_RUNPATH_SEARCH_PATHS = "$(inherited) @executable_path/Frameworks";
				PRODUCT_NAME = "$(TARGET_NAME)";
				TARGETED_DEVICE_FAMILY = 1;
			};
			name = Debug;
		};
		8D0501CE1A6E08490029B41F /* Release */ = {
			isa = XCBuildConfiguration;
			buildSettings = {
				ASSETCATALOG_COMPILER_APPICON_NAME = AppIcon;
				INFOPLIST_FILE = Weather/Info.plist;
				LD_RUNPATH_SEARCH_PATHS = "$(inherited) @executable_path/Frameworks";
				PRODUCT_NAME = "$(TARGET_NAME)";
				TARGETED_DEVICE_FAMILY = 1;
			};
			name = Release;
		};
		8D0501D01A6E08490029B41F /* Debug */ = {
			isa = XCBuildConfiguration;
			buildSettings = {
				BUNDLE_LOADER = "$(TEST_HOST)";
				FRAMEWORK_SEARCH_PATHS = (
					"$(SDKROOT)/Developer/Library/Frameworks",
					"$(inherited)",
				);
				GCC_PREPROCESSOR_DEFINITIONS = (
					"DEBUG=1",
					"$(inherited)",
				);
				INFOPLIST_FILE = WeatherTests/Info.plist;
				LD_RUNPATH_SEARCH_PATHS = "$(inherited) @executable_path/Frameworks @loader_path/Frameworks";
				PRODUCT_NAME = "$(TARGET_NAME)";
				TEST_HOST = "$(BUILT_PRODUCTS_DIR)/Weather.app/Weather";
			};
			name = Debug;
		};
		8D0501D11A6E08490029B41F /* Release */ = {
			isa = XCBuildConfiguration;
			buildSettings = {
				BUNDLE_LOADER = "$(TEST_HOST)";
				FRAMEWORK_SEARCH_PATHS = (
					"$(SDKROOT)/Developer/Library/Frameworks",
					"$(inherited)",
				);
				INFOPLIST_FILE = WeatherTests/Info.plist;
				LD_RUNPATH_SEARCH_PATHS = "$(inherited) @executable_path/Frameworks @loader_path/Frameworks";
				PRODUCT_NAME = "$(TARGET_NAME)";
				TEST_HOST = "$(BUILT_PRODUCTS_DIR)/Weather.app/Weather";
			};
			name = Release;
		};
/* End XCBuildConfiguration section */

/* Begin XCConfigurationList section */
		8D0501A61A6E08490029B41F /* Build configuration list for PBXProject "Weather" */ = {
			isa = XCConfigurationList;
			buildConfigurations = (
				8D0501CA1A6E08490029B41F /* Debug */,
				8D0501CB1A6E08490029B41F /* Release */,
			);
			defaultConfigurationIsVisible = 0;
			defaultConfigurationName = Release;
		};
		8D0501CC1A6E08490029B41F /* Build configuration list for PBXNativeTarget "Weather" */ = {
			isa = XCConfigurationList;
			buildConfigurations = (
				8D0501CD1A6E08490029B41F /* Debug */,
				8D0501CE1A6E08490029B41F /* Release */,
			);
			defaultConfigurationIsVisible = 0;
			defaultConfigurationName = Release;
		};
		8D0501CF1A6E08490029B41F /* Build configuration list for PBXNativeTarget "WeatherTests" */ = {
			isa = XCConfigurationList;
			buildConfigurations = (
				8D0501D01A6E08490029B41F /* Debug */,
				8D0501D11A6E08490029B41F /* Release */,
			);
			defaultConfigurationIsVisible = 0;
			defaultConfigurationName = Release;
		};
/* End XCConfigurationList section */
	};
	rootObject = 8D0501A31A6E08490029B41F /* Project object */;
}
